
Microsoft Visual Studio Solution File, Format Version 12.00
# Visual Studio Version 16
VisualStudioVersion = 16.0.29409.12
MinimumVisualStudioVersion = 10.0.40219.1
Project("{FAE04EC0-301F-11D3-BF4B-00C04F79EFBC}") = "InfusionsoftWebAPI", "WebApplication3\InfusionsoftWebAPI.csproj", "{C4FC9F6B-DFF5-45AD-A81A-B676C32EF3FC}"
EndProject
Global
	GlobalSection(SolutionConfigurationPlatforms) = preSolution
		Debug|Any CPU = Debug|Any CPU
		Release|Any CPU = Release|Any CPU
	EndGlobalSection
	GlobalSection(ProjectConfigurationPlatforms) = postSolution
		{C4FC9F6B-DFF5-45AD-A81A-B676C32EF3FC}.Debug|Any CPU.ActiveCfg = Debug|Any CPU
		{C4FC9F6B-DFF5-45AD-A81A-B676C32EF3FC}.Debug|Any CPU.Build.0 = Debug|Any CPU
		{C4FC9F6B-DFF5-45AD-A81A-B676C32EF3FC}.Release|Any CPU.ActiveCfg = Release|Any CPU
		{C4FC9F6B-DFF5-45AD-A81A-B676C32EF3FC}.Release|Any CPU.Build.0 = Release|Any CPU
	EndGlobalSection
	GlobalSection(SolutionProperties) = preSolution
		HideSolutionNode = FALSE
	EndGlobalSection
	GlobalSection(ExtensibilityGlobals) = postSolution
		SolutionGuid = {BB4436F0-517E-435E-9E94-861C3D15EF5D}
	EndGlobalSection
EndGlobal
